// !$*UTF8*$!
{
	archiveVersion = 1;
	classes = {
	};
	objectVersion = 50;
	objects = {

/* Begin PBXBuildFile section */
		BFDF1E05FC11F4CAFDF5FF52 /* Pods_AppleRSSTest.framework in Frameworks */ = {isa = PBXBuildFile; fileRef = 6CD4E0077ABE04AC193439A2 /* Pods_AppleRSSTest.framework */; };
		DF4E7FD85CE255784227D972 /* Pods_AppleRSSTestTests.framework in Frameworks */ = {isa = PBXBuildFile; fileRef = CD89F615785C1DC4F92A81C3 /* Pods_AppleRSSTestTests.framework */; };
		F077B1962158353A0019C351 /* AppDelegate.swift in Sources */ = {isa = PBXBuildFile; fileRef = F077B1952158353A0019C351 /* AppDelegate.swift */; };
		F077B1982158353A0019C351 /* ViewController.swift in Sources */ = {isa = PBXBuildFile; fileRef = F077B1972158353A0019C351 /* ViewController.swift */; };
		F077B19B2158353A0019C351 /* Main.storyboard in Resources */ = {isa = PBXBuildFile; fileRef = F077B1992158353A0019C351 /* Main.storyboard */; };
		F077B19D215835400019C351 /* Assets.xcassets in Resources */ = {isa = PBXBuildFile; fileRef = F077B19C215835400019C351 /* Assets.xcassets */; };
		F077B1A0215835400019C351 /* LaunchScreen.storyboard in Resources */ = {isa = PBXBuildFile; fileRef = F077B19E215835400019C351 /* LaunchScreen.storyboard */; };
		F077B1BB21583E7F0019C351 /* GetRSSFeedService.swift in Sources */ = {isa = PBXBuildFile; fileRef = F077B1BA21583E7F0019C351 /* GetRSSFeedService.swift */; };
		F077B1BF21583EBD0019C351 /* GetRSSFeedServiceTests.swift in Sources */ = {isa = PBXBuildFile; fileRef = F077B1BE21583EBD0019C351 /* GetRSSFeedServiceTests.swift */; };
		F077B1C52158709C0019C351 /* AlamofireNetworkAdapter.swift in Sources */ = {isa = PBXBuildFile; fileRef = F077B1C42158709C0019C351 /* AlamofireNetworkAdapter.swift */; };
/* End PBXBuildFile section */

/* Begin PBXContainerItemProxy section */
		F077B1A7215835410019C351 /* PBXContainerItemProxy */ = {
			isa = PBXContainerItemProxy;
			containerPortal = F077B18A2158353A0019C351 /* Project object */;
			proxyType = 1;
			remoteGlobalIDString = F077B1912158353A0019C351;
			remoteInfo = AppleRSSTest;
		};
/* End PBXContainerItemProxy section */

/* Begin PBXFileReference section */
		1B28A53073977DC113734915 /* Pods-AppleRSSTest.release.xcconfig */ = {isa = PBXFileReference; includeInIndex = 1; lastKnownFileType = text.xcconfig; name = "Pods-AppleRSSTest.release.xcconfig"; path = "Pods/Target Support Files/Pods-AppleRSSTest/Pods-AppleRSSTest.release.xcconfig"; sourceTree = "<group>"; };
		2D83FF2F52D0F1790FFA0C7E /* Pods-AppleRSSTestTests.debug.xcconfig */ = {isa = PBXFileReference; includeInIndex = 1; lastKnownFileType = text.xcconfig; name = "Pods-AppleRSSTestTests.debug.xcconfig"; path = "Pods/Target Support Files/Pods-AppleRSSTestTests/Pods-AppleRSSTestTests.debug.xcconfig"; sourceTree = "<group>"; };
		6CD4E0077ABE04AC193439A2 /* Pods_AppleRSSTest.framework */ = {isa = PBXFileReference; explicitFileType = wrapper.framework; includeInIndex = 0; path = Pods_AppleRSSTest.framework; sourceTree = BUILT_PRODUCTS_DIR; };
		8E557BB7AE4DFEB9DAC99A48 /* Pods-AppleRSSTestTests.release.xcconfig */ = {isa = PBXFileReference; includeInIndex = 1; lastKnownFileType = text.xcconfig; name = "Pods-AppleRSSTestTests.release.xcconfig"; path = "Pods/Target Support Files/Pods-AppleRSSTestTests/Pods-AppleRSSTestTests.release.xcconfig"; sourceTree = "<group>"; };
		CD89F615785C1DC4F92A81C3 /* Pods_AppleRSSTestTests.framework */ = {isa = PBXFileReference; explicitFileType = wrapper.framework; includeInIndex = 0; path = Pods_AppleRSSTestTests.framework; sourceTree = BUILT_PRODUCTS_DIR; };
		DEE489D69D596F0A37E99358 /* Pods-AppleRSSTest.debug.xcconfig */ = {isa = PBXFileReference; includeInIndex = 1; lastKnownFileType = text.xcconfig; name = "Pods-AppleRSSTest.debug.xcconfig"; path = "Pods/Target Support Files/Pods-AppleRSSTest/Pods-AppleRSSTest.debug.xcconfig"; sourceTree = "<group>"; };
		F077B1922158353A0019C351 /* AppleRSSTest.app */ = {isa = PBXFileReference; explicitFileType = wrapper.application; includeInIndex = 0; path = AppleRSSTest.app; sourceTree = BUILT_PRODUCTS_DIR; };
		F077B1952158353A0019C351 /* AppDelegate.swift */ = {isa = PBXFileReference; lastKnownFileType = sourcecode.swift; path = AppDelegate.swift; sourceTree = "<group>"; };
		F077B1972158353A0019C351 /* ViewController.swift */ = {isa = PBXFileReference; lastKnownFileType = sourcecode.swift; path = ViewController.swift; sourceTree = "<group>"; };
		F077B19A2158353A0019C351 /* Base */ = {isa = PBXFileReference; lastKnownFileType = file.storyboard; name = Base; path = Base.lproj/Main.storyboard; sourceTree = "<group>"; };
		F077B19C215835400019C351 /* Assets.xcassets */ = {isa = PBXFileReference; lastKnownFileType = folder.assetcatalog; path = Assets.xcassets; sourceTree = "<group>"; };
		F077B19F215835400019C351 /* Base */ = {isa = PBXFileReference; lastKnownFileType = file.storyboard; name = Base; path = Base.lproj/LaunchScreen.storyboard; sourceTree = "<group>"; };
		F077B1A1215835400019C351 /* Info.plist */ = {isa = PBXFileReference; lastKnownFileType = text.plist.xml; path = Info.plist; sourceTree = "<group>"; };
		F077B1A6215835410019C351 /* AppleRSSTestTests.xctest */ = {isa = PBXFileReference; explicitFileType = wrapper.cfbundle; includeInIndex = 0; path = AppleRSSTestTests.xctest; sourceTree = BUILT_PRODUCTS_DIR; };
		F077B1AC215835410019C351 /* Info.plist */ = {isa = PBXFileReference; lastKnownFileType = text.plist.xml; path = Info.plist; sourceTree = "<group>"; };
		F077B1BA21583E7F0019C351 /* GetRSSFeedService.swift */ = {isa = PBXFileReference; lastKnownFileType = sourcecode.swift; path = GetRSSFeedService.swift; sourceTree = "<group>"; };
		F077B1BE21583EBD0019C351 /* GetRSSFeedServiceTests.swift */ = {isa = PBXFileReference; lastKnownFileType = sourcecode.swift; path = GetRSSFeedServiceTests.swift; sourceTree = "<group>"; };
		F077B1C42158709C0019C351 /* AlamofireNetworkAdapter.swift */ = {isa = PBXFileReference; lastKnownFileType = sourcecode.swift; path = AlamofireNetworkAdapter.swift; sourceTree = "<group>"; };
/* End PBXFileReference section */

/* Begin PBXFrameworksBuildPhase section */
		F077B18F2158353A0019C351 /* Frameworks */ = {
			isa = PBXFrameworksBuildPhase;
			buildActionMask = 2147483647;
			files = (
				BFDF1E05FC11F4CAFDF5FF52 /* Pods_AppleRSSTest.framework in Frameworks */,
			);
			runOnlyForDeploymentPostprocessing = 0;
		};
		F077B1A3215835410019C351 /* Frameworks */ = {
			isa = PBXFrameworksBuildPhase;
			buildActionMask = 2147483647;
			files = (
				DF4E7FD85CE255784227D972 /* Pods_AppleRSSTestTests.framework in Frameworks */,
			);
			runOnlyForDeploymentPostprocessing = 0;
		};
/* End PBXFrameworksBuildPhase section */

/* Begin PBXGroup section */
		07B2C3E243228564F8AE6CF7 /* Pods */ = {
			isa = PBXGroup;
			children = (
				DEE489D69D596F0A37E99358 /* Pods-AppleRSSTest.debug.xcconfig */,
				1B28A53073977DC113734915 /* Pods-AppleRSSTest.release.xcconfig */,
				2D83FF2F52D0F1790FFA0C7E /* Pods-AppleRSSTestTests.debug.xcconfig */,
				8E557BB7AE4DFEB9DAC99A48 /* Pods-AppleRSSTestTests.release.xcconfig */,
			);
			name = Pods;
			sourceTree = "<group>";
		};
		AA6590EEB0E05A818482CB1C /* Frameworks */ = {
			isa = PBXGroup;
			children = (
				6CD4E0077ABE04AC193439A2 /* Pods_AppleRSSTest.framework */,
				CD89F615785C1DC4F92A81C3 /* Pods_AppleRSSTestTests.framework */,
			);
			name = Frameworks;
			sourceTree = "<group>";
		};
		F077B1892158353A0019C351 = {
			isa = PBXGroup;
			children = (
				F077B1942158353A0019C351 /* AppleRSSTest */,
				F077B1A9215835410019C351 /* AppleRSSTestTests */,
				F077B1932158353A0019C351 /* Products */,
				07B2C3E243228564F8AE6CF7 /* Pods */,
				AA6590EEB0E05A818482CB1C /* Frameworks */,
			);
			sourceTree = "<group>";
		};
		F077B1932158353A0019C351 /* Products */ = {
			isa = PBXGroup;
			children = (
				F077B1922158353A0019C351 /* AppleRSSTest.app */,
				F077B1A6215835410019C351 /* AppleRSSTestTests.xctest */,
			);
			name = Products;
			sourceTree = "<group>";
		};
		F077B1942158353A0019C351 /* AppleRSSTest */ = {
			isa = PBXGroup;
			children = (
				F077B1C021586CCA0019C351 /* Extensions */,
				F077B1B5215836580019C351 /* Services */,
				F077B1952158353A0019C351 /* AppDelegate.swift */,
				F077B1972158353A0019C351 /* ViewController.swift */,
				F077B1992158353A0019C351 /* Main.storyboard */,
				F077B19C215835400019C351 /* Assets.xcassets */,
				F077B19E215835400019C351 /* LaunchScreen.storyboard */,
				F077B1A1215835400019C351 /* Info.plist */,
			);
			path = AppleRSSTest;
			sourceTree = "<group>";
		};
		F077B1A9215835410019C351 /* AppleRSSTestTests */ = {
			isa = PBXGroup;
			children = (
				F077B1AC215835410019C351 /* Info.plist */,
				F077B1BE21583EBD0019C351 /* GetRSSFeedServiceTests.swift */,
			);
			path = AppleRSSTestTests;
			sourceTree = "<group>";
		};
		F077B1B5215836580019C351 /* Services */ = {
			isa = PBXGroup;
			children = (
				F077B1C32158707A0019C351 /* NetworkAdapters */,
				F077B1BA21583E7F0019C351 /* GetRSSFeedService.swift */,
			);
			path = Services;
			sourceTree = "<group>";
		};
		F077B1C021586CCA0019C351 /* Extensions */ = {
			isa = PBXGroup;
			children = (
			);
			path = Extensions;
			sourceTree = "<group>";
		};
		F077B1C32158707A0019C351 /* NetworkAdapters */ = {
			isa = PBXGroup;
			children = (
				F077B1C42158709C0019C351 /* AlamofireNetworkAdapter.swift */,
			);
			path = NetworkAdapters;
			sourceTree = "<group>";
		};
/* End PBXGroup section */

/* Begin PBXNativeTarget section */
		F077B1912158353A0019C351 /* AppleRSSTest */ = {
			isa = PBXNativeTarget;
			buildConfigurationList = F077B1AF215835410019C351 /* Build configuration list for PBXNativeTarget "AppleRSSTest" */;
			buildPhases = (
				FB63073C3A4BBCFCDAAB0820 /* [CP] Check Pods Manifest.lock */,
				F077B18E2158353A0019C351 /* Sources */,
				F077B18F2158353A0019C351 /* Frameworks */,
				F077B1902158353A0019C351 /* Resources */,
				C2246AE1EB9E03778836E06F /* [CP] Embed Pods Frameworks */,
			);
			buildRules = (
			);
			dependencies = (
			);
			name = AppleRSSTest;
			productName = AppleRSSTest;
			productReference = F077B1922158353A0019C351 /* AppleRSSTest.app */;
			productType = "com.apple.product-type.application";
		};
		F077B1A5215835410019C351 /* AppleRSSTestTests */ = {
			isa = PBXNativeTarget;
			buildConfigurationList = F077B1B2215835410019C351 /* Build configuration list for PBXNativeTarget "AppleRSSTestTests" */;
			buildPhases = (
				8BC15B8EFB542929B36CB58F /* [CP] Check Pods Manifest.lock */,
				F077B1A2215835410019C351 /* Sources */,
				F077B1A3215835410019C351 /* Frameworks */,
				F077B1A4215835410019C351 /* Resources */,
			);
			buildRules = (
			);
			dependencies = (
				F077B1A8215835410019C351 /* PBXTargetDependency */,
			);
			name = AppleRSSTestTests;
			productName = AppleRSSTestTests;
			productReference = F077B1A6215835410019C351 /* AppleRSSTestTests.xctest */;
			productType = "com.apple.product-type.bundle.unit-test";
		};
/* End PBXNativeTarget section */

/* Begin PBXProject section */
		F077B18A2158353A0019C351 /* Project object */ = {
			isa = PBXProject;
			attributes = {
				LastSwiftUpdateCheck = 1000;
				LastUpgradeCheck = 1000;
				ORGANIZATIONNAME = "Ironworks Media Limited";
				TargetAttributes = {
					F077B1912158353A0019C351 = {
						CreatedOnToolsVersion = 10.0;
					};
					F077B1A5215835410019C351 = {
						CreatedOnToolsVersion = 10.0;
						LastSwiftMigration = 1000;
						TestTargetID = F077B1912158353A0019C351;
					};
				};
			};
			buildConfigurationList = F077B18D2158353A0019C351 /* Build configuration list for PBXProject "AppleRSSTest" */;
			compatibilityVersion = "Xcode 9.3";
			developmentRegion = en;
			hasScannedForEncodings = 0;
			knownRegions = (
				en,
				Base,
			);
			mainGroup = F077B1892158353A0019C351;
			productRefGroup = F077B1932158353A0019C351 /* Products */;
			projectDirPath = "";
			projectRoot = "";
			targets = (
				F077B1912158353A0019C351 /* AppleRSSTest */,
				F077B1A5215835410019C351 /* AppleRSSTestTests */,
			);
		};
/* End PBXProject section */

/* Begin PBXResourcesBuildPhase section */
		F077B1902158353A0019C351 /* Resources */ = {
			isa = PBXResourcesBuildPhase;
			buildActionMask = 2147483647;
			files = (
				F077B1A0215835400019C351 /* LaunchScreen.storyboard in Resources */,
				F077B19D215835400019C351 /* Assets.xcassets in Resources */,
				F077B19B2158353A0019C351 /* Main.storyboard in Resources */,
			);
			runOnlyForDeploymentPostprocessing = 0;
		};
		F077B1A4215835410019C351 /* Resources */ = {
			isa = PBXResourcesBuildPhase;
			buildActionMask = 2147483647;
			files = (
			);
			runOnlyForDeploymentPostprocessing = 0;
		};
/* End PBXResourcesBuildPhase section */

/* Begin PBXShellScriptBuildPhase section */
		8BC15B8EFB542929B36CB58F /* [CP] Check Pods Manifest.lock */ = {
			isa = PBXShellScriptBuildPhase;
			buildActionMask = 2147483647;
			files = (
			);
			inputPaths = (
				"${PODS_PODFILE_DIR_PATH}/Podfile.lock",
				"${PODS_ROOT}/Manifest.lock",
			);
			name = "[CP] Check Pods Manifest.lock";
			outputPaths = (
				"$(DERIVED_FILE_DIR)/Pods-AppleRSSTestTests-checkManifestLockResult.txt",
			);
			runOnlyForDeploymentPostprocessing = 0;
			shellPath = /bin/sh;
			shellScript = "diff \"${PODS_PODFILE_DIR_PATH}/Podfile.lock\" \"${PODS_ROOT}/Manifest.lock\" > /dev/null\nif [ $? != 0 ] ; then\n    # print error to STDERR\n    echo \"error: The sandbox is not in sync with the Podfile.lock. Run 'pod install' or update your CocoaPods installation.\" >&2\n    exit 1\nfi\n# This output is used by Xcode 'outputs' to avoid re-running this script phase.\necho \"SUCCESS\" > \"${SCRIPT_OUTPUT_FILE_0}\"\n";
			showEnvVarsInLog = 0;
		};
		C2246AE1EB9E03778836E06F /* [CP] Embed Pods Frameworks */ = {
			isa = PBXShellScriptBuildPhase;
			buildActionMask = 2147483647;
			files = (
			);
			inputPaths = (
				"${SRCROOT}/Pods/Target Support Files/Pods-AppleRSSTest/Pods-AppleRSSTest-frameworks.sh",
				"${BUILT_PRODUCTS_DIR}/Alamofire/Alamofire.framework",
			);
			name = "[CP] Embed Pods Frameworks";
			outputPaths = (
				"${TARGET_BUILD_DIR}/${FRAMEWORKS_FOLDER_PATH}/Alamofire.framework",
			);
			runOnlyForDeploymentPostprocessing = 0;
			shellPath = /bin/sh;
			shellScript = "\"${SRCROOT}/Pods/Target Support Files/Pods-AppleRSSTest/Pods-AppleRSSTest-frameworks.sh\"\n";
			showEnvVarsInLog = 0;
		};
		FB63073C3A4BBCFCDAAB0820 /* [CP] Check Pods Manifest.lock */ = {
			isa = PBXShellScriptBuildPhase;
			buildActionMask = 2147483647;
			files = (
			);
			inputPaths = (
				"${PODS_PODFILE_DIR_PATH}/Podfile.lock",
				"${PODS_ROOT}/Manifest.lock",
			);
			name = "[CP] Check Pods Manifest.lock";
			outputPaths = (
				"$(DERIVED_FILE_DIR)/Pods-AppleRSSTest-checkManifestLockResult.txt",
			);
			runOnlyForDeploymentPostprocessing = 0;
			shellPath = /bin/sh;
			shellScript = "diff \"${PODS_PODFILE_DIR_PATH}/Podfile.lock\" \"${PODS_ROOT}/Manifest.lock\" > /dev/null\nif [ $? != 0 ] ; then\n    # print error to STDERR\n    echo \"error: The sandbox is not in sync with the Podfile.lock. Run 'pod install' or update your CocoaPods installation.\" >&2\n    exit 1\nfi\n# This output is used by Xcode 'outputs' to avoid re-running this script phase.\necho \"SUCCESS\" > \"${SCRIPT_OUTPUT_FILE_0}\"\n";
			showEnvVarsInLog = 0;
		};
/* End PBXShellScriptBuildPhase section */

/* Begin PBXSourcesBuildPhase section */
		F077B18E2158353A0019C351 /* Sources */ = {
			isa = PBXSourcesBuildPhase;
			buildActionMask = 2147483647;
			files = (
				F077B1982158353A0019C351 /* ViewController.swift in Sources */,
				F077B1BB21583E7F0019C351 /* GetRSSFeedService.swift in Sources */,
				F077B1962158353A0019C351 /* AppDelegate.swift in Sources */,
				F077B1C52158709C0019C351 /* AlamofireNetworkAdapter.swift in Sources */,
			);
			runOnlyForDeploymentPostprocessing = 0;
		};
		F077B1A2215835410019C351 /* Sources */ = {
			isa = PBXSourcesBuildPhase;
			buildActionMask = 2147483647;
			files = (
				F077B1BF21583EBD0019C351 /* GetRSSFeedServiceTests.swift in Sources */,
			);
			runOnlyForDeploymentPostprocessing = 0;
		};
/* End PBXSourcesBuildPhase section */

/* Begin PBXTargetDependency section */
		F077B1A8215835410019C351 /* PBXTargetDependency */ = {
			isa = PBXTargetDependency;
			target = F077B1912158353A0019C351 /* AppleRSSTest */;
			targetProxy = F077B1A7215835410019C351 /* PBXContainerItemProxy */;
		};
/* End PBXTargetDependency section */

/* Begin PBXVariantGroup section */
		F077B1992158353A0019C351 /* Main.storyboard */ = {
			isa = PBXVariantGroup;
			children = (
				F077B19A2158353A0019C351 /* Base */,
			);
			name = Main.storyboard;
			sourceTree = "<group>";
		};
		F077B19E215835400019C351 /* LaunchScreen.storyboard */ = {
			isa = PBXVariantGroup;
			children = (
				F077B19F215835400019C351 /* Base */,
			);
			name = LaunchScreen.storyboard;
			sourceTree = "<group>";
		};
/* End PBXVariantGroup section */

/* Begin XCBuildConfiguration section */
		F077B1AD215835410019C351 /* Debug */ = {
			isa = XCBuildConfiguration;
			buildSettings = {
				ALWAYS_SEARCH_USER_PATHS = NO;
				CLANG_ANALYZER_NONNULL = YES;
				CLANG_ANALYZER_NUMBER_OBJECT_CONVERSION = YES_AGGRESSIVE;
				CLANG_CXX_LANGUAGE_STANDARD = "gnu++14";
				CLANG_CXX_LIBRARY = "libc++";
				CLANG_ENABLE_MODULES = YES;
				CLANG_ENABLE_OBJC_ARC = YES;
				CLANG_ENABLE_OBJC_WEAK = YES;
				CLANG_WARN_BLOCK_CAPTURE_AUTORELEASING = YES;
				CLANG_WARN_BOOL_CONVERSION = YES;
				CLANG_WARN_COMMA = YES;
				CLANG_WARN_CONSTANT_CONVERSION = YES;
				CLANG_WARN_DEPRECATED_OBJC_IMPLEMENTATIONS = YES;
				CLANG_WARN_DIRECT_OBJC_ISA_USAGE = YES_ERROR;
				CLANG_WARN_DOCUMENTATION_COMMENTS = YES;
				CLANG_WARN_EMPTY_BODY = YES;
				CLANG_WARN_ENUM_CONVERSION = YES;
				CLANG_WARN_INFINITE_RECURSION = YES;
				CLANG_WARN_INT_CONVERSION = YES;
				CLANG_WARN_NON_LITERAL_NULL_CONVERSION = YES;
				CLANG_WARN_OBJC_IMPLICIT_RETAIN_SELF = YES;
				CLANG_WARN_OBJC_LITERAL_CONVERSION = YES;
				CLANG_WARN_OBJC_ROOT_CLASS = YES_ERROR;
				CLANG_WARN_RANGE_LOOP_ANALYSIS = YES;
				CLANG_WARN_STRICT_PROTOTYPES = YES;
				CLANG_WARN_SUSPICIOUS_MOVE = YES;
				CLANG_WARN_UNGUARDED_AVAILABILITY = YES_AGGRESSIVE;
				CLANG_WARN_UNREACHABLE_CODE = YES;
				CLANG_WARN__DUPLICATE_METHOD_MATCH = YES;
				CODE_SIGN_IDENTITY = "iPhone Developer";
				COPY_PHASE_STRIP = NO;
				DEBUG_INFORMATION_FORMAT = dwarf;
				ENABLE_STRICT_OBJC_MSGSEND = YES;
				ENABLE_TESTABILITY = YES;
				GCC_C_LANGUAGE_STANDARD = gnu11;
				GCC_DYNAMIC_NO_PIC = NO;
				GCC_NO_COMMON_BLOCKS = YES;
				GCC_OPTIMIZATION_LEVEL = 0;
				GCC_PREPROCESSOR_DEFINITIONS = (
					"DEBUG=1",
					"$(inherited)",
				);
				GCC_WARN_64_TO_32_BIT_CONVERSION = YES;
				GCC_WARN_ABOUT_RETURN_TYPE = YES_ERROR;
				GCC_WARN_UNDECLARED_SELECTOR = YES;
				GCC_WARN_UNINITIALIZED_AUTOS = YES_AGGRESSIVE;
				GCC_WARN_UNUSED_FUNCTION = YES;
				GCC_WARN_UNUSED_VARIABLE = YES;
				IPHONEOS_DEPLOYMENT_TARGET = 12.0;
				MTL_ENABLE_DEBUG_INFO = INCLUDE_SOURCE;
				MTL_FAST_MATH = YES;
				ONLY_ACTIVE_ARCH = YES;
				SDKROOT = iphoneos;
				SWIFT_ACTIVE_COMPILATION_CONDITIONS = DEBUG;
				SWIFT_OPTIMIZATION_LEVEL = "-Onone";
			};
			name = Debug;
		};
		F077B1AE215835410019C351 /* Release */ = {
			isa = XCBuildConfiguration;
			buildSettings = {
				ALWAYS_SEARCH_USER_PATHS = NO;
				CLANG_ANALYZER_NONNULL = YES;
				CLANG_ANALYZER_NUMBER_OBJECT_CONVERSION = YES_AGGRESSIVE;
				CLANG_CXX_LANGUAGE_STANDARD = "gnu++14";
				CLANG_CXX_LIBRARY = "libc++";
				CLANG_ENABLE_MODULES = YES;
				CLANG_ENABLE_OBJC_ARC = YES;
				CLANG_ENABLE_OBJC_WEAK = YES;
				CLANG_WARN_BLOCK_CAPTURE_AUTORELEASING = YES;
				CLANG_WARN_BOOL_CONVERSION = YES;
				CLANG_WARN_COMMA = YES;
				CLANG_WARN_CONSTANT_CONVERSION = YES;
				CLANG_WARN_DEPRECATED_OBJC_IMPLEMENTATIONS = YES;
				CLANG_WARN_DIRECT_OBJC_ISA_USAGE = YES_ERROR;
				CLANG_WARN_DOCUMENTATION_COMMENTS = YES;
				CLANG_WARN_EMPTY_BODY = YES;
				CLANG_WARN_ENUM_CONVERSION = YES;
				CLANG_WARN_INFINITE_RECURSION = YES;
				CLANG_WARN_INT_CONVERSION = YES;
				CLANG_WARN_NON_LITERAL_NULL_CONVERSION = YES;
				CLANG_WARN_OBJC_IMPLICIT_RETAIN_SELF = YES;
				CLANG_WARN_OBJC_LITERAL_CONVERSION = YES;
				CLANG_WARN_OBJC_ROOT_CLASS = YES_ERROR;
				CLANG_WARN_RANGE_LOOP_ANALYSIS = YES;
				CLANG_WARN_STRICT_PROTOTYPES = YES;
				CLANG_WARN_SUSPICIOUS_MOVE = YES;
				CLANG_WARN_UNGUARDED_AVAILABILITY = YES_AGGRESSIVE;
				CLANG_WARN_UNREACHABLE_CODE = YES;
				CLANG_WARN__DUPLICATE_METHOD_MATCH = YES;
				CODE_SIGN_IDENTITY = "iPhone Developer";
				COPY_PHASE_STRIP = NO;
				DEBUG_INFORMATION_FORMAT = "dwarf-with-dsym";
				ENABLE_NS_ASSERTIONS = NO;
				ENABLE_STRICT_OBJC_MSGSEND = YES;
				GCC_C_LANGUAGE_STANDARD = gnu11;
				GCC_NO_COMMON_BLOCKS = YES;
				GCC_WARN_64_TO_32_BIT_CONVERSION = YES;
				GCC_WARN_ABOUT_RETURN_TYPE = YES_ERROR;
				GCC_WARN_UNDECLARED_SELECTOR = YES;
				GCC_WARN_UNINITIALIZED_AUTOS = YES_AGGRESSIVE;
				GCC_WARN_UNUSED_FUNCTION = YES;
				GCC_WARN_UNUSED_VARIABLE = YES;
				IPHONEOS_DEPLOYMENT_TARGET = 12.0;
				MTL_ENABLE_DEBUG_INFO = NO;
				MTL_FAST_MATH = YES;
				SDKROOT = iphoneos;
				SWIFT_COMPILATION_MODE = wholemodule;
				SWIFT_OPTIMIZATION_LEVEL = "-O";
				VALIDATE_PRODUCT = YES;
			};
			name = Release;
		};
		F077B1B0215835410019C351 /* Debug */ = {
			isa = XCBuildConfiguration;
			baseConfigurationReference = DEE489D69D596F0A37E99358 /* Pods-AppleRSSTest.debug.xcconfig */;
			buildSettings = {
				ASSETCATALOG_COMPILER_APPICON_NAME = AppIcon;
				CODE_SIGN_STYLE = Automatic;
				DEVELOPMENT_TEAM = X7ERH955JW;
				INFOPLIST_FILE = AppleRSSTest/Info.plist;
				LD_RUNPATH_SEARCH_PATHS = (
					"$(inherited)",
					"@executable_path/Frameworks",
				);
				PRODUCT_BUNDLE_IDENTIFIER = uk.co.ironworksmedialimited.AppleRSSTest;
				PRODUCT_NAME = "$(TARGET_NAME)";
				SWIFT_VERSION = 4.2;
				TARGETED_DEVICE_FAMILY = "1,2";
			};
			name = Debug;
		};
		F077B1B1215835410019C351 /* Release */ = {
			isa = XCBuildConfiguration;
			baseConfigurationReference = 1B28A53073977DC113734915 /* Pods-AppleRSSTest.release.xcconfig */;
			buildSettings = {
				ASSETCATALOG_COMPILER_APPICON_NAME = AppIcon;
				CODE_SIGN_STYLE = Automatic;
				DEVELOPMENT_TEAM = X7ERH955JW;
				INFOPLIST_FILE = AppleRSSTest/Info.plist;
				LD_RUNPATH_SEARCH_PATHS = (
					"$(inherited)",
					"@executable_path/Frameworks",
				);
				PRODUCT_BUNDLE_IDENTIFIER = uk.co.ironworksmedialimited.AppleRSSTest;
				PRODUCT_NAME = "$(TARGET_NAME)";
				SWIFT_VERSION = 4.2;
				TARGETED_DEVICE_FAMILY = "1,2";
			};
			name = Release;
		};
		F077B1B3215835410019C351 /* Debug */ = {
			isa = XCBuildConfiguration;
			baseConfigurationReference = 2D83FF2F52D0F1790FFA0C7E /* Pods-AppleRSSTestTests.debug.xcconfig */;
			buildSettings = {
				ALWAYS_EMBED_SWIFT_STANDARD_LIBRARIES = YES;
				BUNDLE_LOADER = "$(TEST_HOST)";
				CLANG_ENABLE_MODULES = YES;
				CODE_SIGN_STYLE = Automatic;
				DEVELOPMENT_TEAM = X7ERH955JW;
				INFOPLIST_FILE = AppleRSSTestTests/Info.plist;
				LD_RUNPATH_SEARCH_PATHS = (
					"$(inherited)",
					"@executable_path/Frameworks",
					"@loader_path/Frameworks",
				);
				PRODUCT_BUNDLE_IDENTIFIER = uk.co.ironworksmedialimited.AppleRSSTestTests;
				PRODUCT_NAME = "$(TARGET_NAME)";
				SWIFT_OPTIMIZATION_LEVEL = "-Onone";
				SWIFT_VERSION = 4.2;
				TARGETED_DEVICE_FAMILY = "1,2";
				TEST_HOST = "$(BUILT_PRODUCTS_DIR)/AppleRSSTest.app/AppleRSSTest";
			};
			name = Debug;
		};
		F077B1B4215835410019C351 /* Release */ = {
			isa = XCBuildConfiguration;
			baseConfigurationReference = 8E557BB7AE4DFEB9DAC99A48 /* Pods-AppleRSSTestTests.release.xcconfig */;
			buildSettings = {
				ALWAYS_EMBED_SWIFT_STANDARD_LIBRARIES = YES;
				BUNDLE_LOADER = "$(TEST_HOST)";
				CLANG_ENABLE_MODULES = YES;
				CODE_SIGN_STYLE = Automatic;
				DEVELOPMENT_TEAM = X7ERH955JW;
				INFOPLIST_FILE = AppleRSSTestTests/Info.plist;
				LD_RUNPATH_SEARCH_PATHS = (
					"$(inherited)",
					"@executable_path/Frameworks",
					"@loader_path/Frameworks",
				);
				PRODUCT_BUNDLE_IDENTIFIER = uk.co.ironworksmedialimited.AppleRSSTestTests;
				PRODUCT_NAME = "$(TARGET_NAME)";
				SWIFT_VERSION = 4.2;
				TARGETED_DEVICE_FAMILY = "1,2";
				TEST_HOST = "$(BUILT_PRODUCTS_DIR)/AppleRSSTest.app/AppleRSSTest";
			};
			name = Release;
		};
/* End XCBuildConfiguration section */

/* Begin XCConfigurationList section */
		F077B18D2158353A0019C351 /* Build configuration list for PBXProject "AppleRSSTest" */ = {
			isa = XCConfigurationList;
			buildConfigurations = (
				F077B1AD215835410019C351 /* Debug */,
				F077B1AE215835410019C351 /* Release */,
			);
			defaultConfigurationIsVisible = 0;
			defaultConfigurationName = Release;
		};
		F077B1AF215835410019C351 /* Build configuration list for PBXNativeTarget "AppleRSSTest" */ = {
			isa = XCConfigurationList;
			buildConfigurations = (
				F077B1B0215835410019C351 /* Debug */,
				F077B1B1215835410019C351 /* Release */,
			);
			defaultConfigurationIsVisible = 0;
			defaultConfigurationName = Release;
		};
		F077B1B2215835410019C351 /* Build configuration list for PBXNativeTarget "AppleRSSTestTests" */ = {
			isa = XCConfigurationList;
			buildConfigurations = (
				F077B1B3215835410019C351 /* Debug */,
				F077B1B4215835410019C351 /* Release */,
			);
			defaultConfigurationIsVisible = 0;
			defaultConfigurationName = Release;
		};
/* End XCConfigurationList section */
	};
	rootObject = F077B18A2158353A0019C351 /* Project object */;
}
